
Microsoft Visual Studio Solution File, Format Version 12.00
# Visual Studio Version 16
VisualStudioVersion = 16.0.29911.84
MinimumVisualStudioVersion = 10.0.40219.1
Project("{2150E333-8FDC-42A3-9474-1A3956D46DE8}") = "BankAccountService", "BankAccountService", "{97D8F1CB-A5AC-4123-821D-D20DB4FB3E2A}"
EndProject
Project("{FAE04EC0-301F-11D3-BF4B-00C04F79EFBC}") = "BankAccountService.Domain", "BankAccountService.Domain\BankAccountService.Domain.csproj", "{CE6E7BC8-5ED3-44CA-B795-C28A511578F8}"
EndProject
Project("{FAE04EC0-301F-11D3-BF4B-00C04F79EFBC}") = "BankAccountService.Infrastructure", "BankAccountService.Infrastructure\BankAccountService.Infrastructure.csproj", "{1B4BA8AE-6929-4234-AEE8-EEE60D35D605}"
EndProject
Project("{FAE04EC0-301F-11D3-BF4B-00C04F79EFBC}") = "BankAccountService.API", "BankAccountService.API\BankAccountService.API.csproj", "{BB9210BA-6DF8-4D37-AEC6-A853FA85C300}"
EndProject
Global
	GlobalSection(SolutionConfigurationPlatforms) = preSolution
		Debug|Any CPU = Debug|Any CPU
		Release|Any CPU = Release|Any CPU
	EndGlobalSection
	GlobalSection(ProjectConfigurationPlatforms) = postSolution
		{CE6E7BC8-5ED3-44CA-B795-C28A511578F8}.Debug|Any CPU.ActiveCfg = Debug|Any CPU
		{CE6E7BC8-5ED3-44CA-B795-C28A511578F8}.Debug|Any CPU.Build.0 = Debug|Any CPU
		{CE6E7BC8-5ED3-44CA-B795-C28A511578F8}.Release|Any CPU.ActiveCfg = Release|Any CPU
		{CE6E7BC8-5ED3-44CA-B795-C28A511578F8}.Release|Any CPU.Build.0 = Release|Any CPU
		{1B4BA8AE-6929-4234-AEE8-EEE60D35D605}.Debug|Any CPU.ActiveCfg = Debug|Any CPU
		{1B4BA8AE-6929-4234-AEE8-EEE60D35D605}.Debug|Any CPU.Build.0 = Debug|Any CPU
		{1B4BA8AE-6929-4234-AEE8-EEE60D35D605}.Release|Any CPU.ActiveCfg = Release|Any CPU
		{1B4BA8AE-6929-4234-AEE8-EEE60D35D605}.Release|Any CPU.Build.0 = Release|Any CPU
		{BB9210BA-6DF8-4D37-AEC6-A853FA85C300}.Debug|Any CPU.ActiveCfg = Debug|Any CPU
		{BB9210BA-6DF8-4D37-AEC6-A853FA85C300}.Debug|Any CPU.Build.0 = Debug|Any CPU
		{BB9210BA-6DF8-4D37-AEC6-A853FA85C300}.Release|Any CPU.ActiveCfg = Release|Any CPU
		{BB9210BA-6DF8-4D37-AEC6-A853FA85C300}.Release|Any CPU.Build.0 = Release|Any CPU
	EndGlobalSection
	GlobalSection(SolutionProperties) = preSolution
		HideSolutionNode = FALSE
	EndGlobalSection
	GlobalSection(NestedProjects) = preSolution
		{CE6E7BC8-5ED3-44CA-B795-C28A511578F8} = {97D8F1CB-A5AC-4123-821D-D20DB4FB3E2A}
		{1B4BA8AE-6929-4234-AEE8-EEE60D35D605} = {97D8F1CB-A5AC-4123-821D-D20DB4FB3E2A}
		{BB9210BA-6DF8-4D37-AEC6-A853FA85C300} = {97D8F1CB-A5AC-4123-821D-D20DB4FB3E2A}
	EndGlobalSection
	GlobalSection(ExtensibilityGlobals) = postSolution
		SolutionGuid = {7C49C14B-0963-4437-8F93-A6C4477DA656}
	EndGlobalSection
EndGlobal
